
Microsoft Visual Studio Solution File, Format Version 12.00
# Visual Studio 2013
VisualStudioVersion = 12.0.40629.0
MinimumVisualStudioVersion = 10.0.40219.1
Project("{FAE04EC0-301F-11D3-BF4B-00C04F79EFBC}") = "RestfulRepositoryWebAPI", "RestfulRepositoryWebAPI\RestfulRepositoryWebAPI.csproj", "{765910E2-4000-458E-BDBB-58947A8D4621}"
EndProject
Project("{FAE04EC0-301F-11D3-BF4B-00C04F79EFBC}") = "DataAccess", "DataAccess\DataAccess.csproj", "{2F30920B-8C76-47D8-B54F-556B48868135}"
EndProject
Project("{FAE04EC0-301F-11D3-BF4B-00C04F79EFBC}") = "Assessment_MVC", "Assessment_MVC\Assessment_MVC.csproj", "{B6261B38-0663-42C7-B868-652EDE9AF41F}"
EndProject
Global
	GlobalSection(SolutionConfigurationPlatforms) = preSolution
		Debug|Any CPU = Debug|Any CPU
		Release|Any CPU = Release|Any CPU
	EndGlobalSection
	GlobalSection(ProjectConfigurationPlatforms) = postSolution
		{765910E2-4000-458E-BDBB-58947A8D4621}.Debug|Any CPU.ActiveCfg = Debug|Any CPU
		{765910E2-4000-458E-BDBB-58947A8D4621}.Debug|Any CPU.Build.0 = Debug|Any CPU
		{765910E2-4000-458E-BDBB-58947A8D4621}.Release|Any CPU.ActiveCfg = Release|Any CPU
		{765910E2-4000-458E-BDBB-58947A8D4621}.Release|Any CPU.Build.0 = Release|Any CPU
		{2F30920B-8C76-47D8-B54F-556B48868135}.Debug|Any CPU.ActiveCfg = Debug|Any CPU
		{2F30920B-8C76-47D8-B54F-556B48868135}.Debug|Any CPU.Build.0 = Debug|Any CPU
		{2F30920B-8C76-47D8-B54F-556B48868135}.Release|Any CPU.ActiveCfg = Release|Any CPU
		{2F30920B-8C76-47D8-B54F-556B48868135}.Release|Any CPU.Build.0 = Release|Any CPU
		{B6261B38-0663-42C7-B868-652EDE9AF41F}.Debug|Any CPU.ActiveCfg = Debug|Any CPU
		{B6261B38-0663-42C7-B868-652EDE9AF41F}.Debug|Any CPU.Build.0 = Debug|Any CPU
		{B6261B38-0663-42C7-B868-652EDE9AF41F}.Release|Any CPU.ActiveCfg = Release|Any CPU
		{B6261B38-0663-42C7-B868-652EDE9AF41F}.Release|Any CPU.Build.0 = Release|Any CPU
	EndGlobalSection
	GlobalSection(SolutionProperties) = preSolution
		HideSolutionNode = FALSE
	EndGlobalSection
EndGlobal
